
Microsoft Visual Studio Solution File, Format Version 12.00
# Visual Studio Version 17
VisualStudioVersion = 17.14.36915.13
MinimumVisualStudioVersion = 10.0.40219.1
Project("{2150E333-8FDC-42A3-9474-1A3956D46DE8}") = "Services", "Services", "{02EA681E-C7D8-13C7-8484-4AC65E1B71E8}"
EndProject
Project("{2150E333-8FDC-42A3-9474-1A3956D46DE8}") = "AccountService", "AccountService", "{009DFBB5-C4CC-4247-B6C5-709B55999A77}"
EndProject
Project("{FAE04EC0-301F-11D3-BF4B-00C04F79EFBC}") = "AccountService.API", "AccountService.API\AccountService.API.csproj", "{5CFA1B55-99FB-4D15-B272-D2A756AA1C8E}"
EndProject
Project("{2150E333-8FDC-42A3-9474-1A3956D46DE8}") = "Application", "Application", "{AB50732B-FFDE-4FB7-B700-67D1EC5D44F1}"
EndProject
Project("{2150E333-8FDC-42A3-9474-1A3956D46DE8}") = "Domain", "Domain", "{7EBDEE61-E7B2-4786-8DAA-2C180A8E23DF}"
EndProject
Project("{2150E333-8FDC-42A3-9474-1A3956D46DE8}") = "Infrastructure", "Infrastructure", "{479CC638-77FA-47E3-B07C-32696048CC16}"
EndProject
Project("{FAE04EC0-301F-11D3-BF4B-00C04F79EFBC}") = "AccountService.Application", "AccountService.Application\AccountService.Application.csproj", "{CEF607E1-30BF-4E6B-A111-9D293442B66E}"
EndProject
Project("{FAE04EC0-301F-11D3-BF4B-00C04F79EFBC}") = "AccountService.Domain", "AccountService.Domain\AccountService.Domain.csproj", "{7F3148A4-8200-4C81-8279-3E1D4BF5E57D}"
EndProject
Project("{FAE04EC0-301F-11D3-BF4B-00C04F79EFBC}") = "AccountService.Infrastructure", "AccountService.Infrastructure\AccountService.Infrastructure.csproj", "{3181C435-2539-4009-80CE-30506A9D38A5}"
EndProject
Project("{2150E333-8FDC-42A3-9474-1A3956D46DE8}") = "TransactionService", "TransactionService", "{EBC62EC3-CA6D-4739-A160-FBE779D46216}"
EndProject
Project("{2150E333-8FDC-42A3-9474-1A3956D46DE8}") = "Domain", "Domain", "{BC5D8777-192D-4015-AA7B-08CECFF8D515}"
EndProject
Project("{2150E333-8FDC-42A3-9474-1A3956D46DE8}") = "Application", "Application", "{4A238759-E8B1-466B-B6B2-EBE873B6D17C}"
EndProject
Project("{2150E333-8FDC-42A3-9474-1A3956D46DE8}") = "Infrastructure", "Infrastructure", "{173A0FE5-68E6-4FFD-8493-D4F6E36AA6C0}"
EndProject
Project("{2150E333-8FDC-42A3-9474-1A3956D46DE8}") = "CustomerService", "CustomerService", "{BEC5063F-93D3-4D72-85DF-384BF57EAE46}"
EndProject
Project("{2150E333-8FDC-42A3-9474-1A3956D46DE8}") = "LoanService", "LoanService", "{843DA007-6A60-4EAC-9D27-3FFC1C3F87BA}"
EndProject
Project("{2150E333-8FDC-42A3-9474-1A3956D46DE8}") = "Gateway", "Gateway", "{C18F37FF-7C67-4F5A-BF79-093B84383B60}"
EndProject
Project("{FAE04EC0-301F-11D3-BF4B-00C04F79EFBC}") = "Gateway.API", "Gateway.API\Gateway.API.csproj", "{F387B21A-214C-4406-99E2-F82C7DDCDDFC}"
EndProject
Project("{FAE04EC0-301F-11D3-BF4B-00C04F79EFBC}") = "TransactionService.API", "TransactionService.API\TransactionService.API.csproj", "{A2D702B3-9B7C-4F9A-B7FC-A10502EA4E48}"
EndProject
Project("{FAE04EC0-301F-11D3-BF4B-00C04F79EFBC}") = "LoanService.API", "LoanService.API\LoanService.API.csproj", "{B6CC99B5-41C6-45EE-859E-A37F0D94CB97}"
EndProject
Project("{FAE04EC0-301F-11D3-BF4B-00C04F79EFBC}") = "CustomerService.API", "CustomerService.API\CustomerService.API.csproj", "{B544A72E-1780-44DF-8D52-60054F888B9D}"
EndProject
Project("{2150E333-8FDC-42A3-9474-1A3956D46DE8}") = "BuildingBlocks", "BuildingBlocks", "{510C9EEE-7654-4EED-ACD4-C20BF0127CF2}"
EndProject
Project("{2150E333-8FDC-42A3-9474-1A3956D46DE8}") = "SharedKernel", "SharedKernel", "{40154710-1B0B-43C6-8DA8-7AEBF3B87DB5}"
EndProject
Project("{2150E333-8FDC-42A3-9474-1A3956D46DE8}") = "EventBus", "EventBus", "{4C38D93D-9198-4C7C-BA65-CB73FD14BF66}"
EndProject
Project("{2150E333-8FDC-42A3-9474-1A3956D46DE8}") = "Common", "Common", "{27900ABD-5EDB-4533-B58B-5CA00AFE59F3}"
EndProject
Project("{FAE04EC0-301F-11D3-BF4B-00C04F79EFBC}") = "SharedKernel", "SharedKernel\SharedKernel.csproj", "{1C7CFDD2-F723-409C-95B6-4E625A35F59E}"
EndProject
Project("{2150E333-8FDC-42A3-9474-1A3956D46DE8}") = "Application", "Application", "{DDAB2304-AE76-45AC-83C6-3435B88F10C3}"
EndProject
Project("{2150E333-8FDC-42A3-9474-1A3956D46DE8}") = "Infrastructure", "Infrastructure", "{CDF55D92-DF35-4427-80B2-F935AAB83F79}"
EndProject
Project("{2150E333-8FDC-42A3-9474-1A3956D46DE8}") = "Domain", "Domain", "{23515F8A-1184-4FDF-9A1D-8B2D86BA16C2}"
EndProject
Project("{FAE04EC0-301F-11D3-BF4B-00C04F79EFBC}") = "CustomerService.Domain", "CustomerService.Domain\CustomerService.Domain.csproj", "{593CCA63-4449-4339-992F-2E36810D9AAB}"
EndProject
Project("{FAE04EC0-301F-11D3-BF4B-00C04F79EFBC}") = "CustomerService.Application", "CustomerService.Application\CustomerService.Application.csproj", "{00610451-07D1-4BFB-85E5-BAC34717DADE}"
EndProject
Project("{FAE04EC0-301F-11D3-BF4B-00C04F79EFBC}") = "CustomerService.Infrastructure", "CustomerService.Infrastructure\CustomerService.Infrastructure.csproj", "{5FAA02A7-866C-474E-A0A9-5185787D3956}"
EndProject
Project("{2150E333-8FDC-42A3-9474-1A3956D46DE8}") = "Observability", "Observability", "{6B093AEB-9C5C-4BF4-A75C-CADDE57BBE80}"
EndProject
Project("{2150E333-8FDC-42A3-9474-1A3956D46DE8}") = "Security", "Security", "{6A6B4DAE-82E9-4579-94FF-E08413AEE3A5}"
EndProject
Project("{2150E333-8FDC-42A3-9474-1A3956D46DE8}") = "Storage", "Storage", "{133D1109-365C-4E95-ABB4-7F5844C3A26C}"
EndProject
Project("{2150E333-8FDC-42A3-9474-1A3956D46DE8}") = "Resiliency", "Resiliency", "{02AC465E-F2FC-479A-87DC-903D51BF9E7C}"
EndProject
Global
	GlobalSection(SolutionConfigurationPlatforms) = preSolution
		Debug|Any CPU = Debug|Any CPU
		Release|Any CPU = Release|Any CPU
	EndGlobalSection
	GlobalSection(ProjectConfigurationPlatforms) = postSolution
		{5CFA1B55-99FB-4D15-B272-D2A756AA1C8E}.Debug|Any CPU.ActiveCfg = Debug|Any CPU
		{5CFA1B55-99FB-4D15-B272-D2A756AA1C8E}.Debug|Any CPU.Build.0 = Debug|Any CPU
		{5CFA1B55-99FB-4D15-B272-D2A756AA1C8E}.Release|Any CPU.ActiveCfg = Release|Any CPU
		{5CFA1B55-99FB-4D15-B272-D2A756AA1C8E}.Release|Any CPU.Build.0 = Release|Any CPU
		{CEF607E1-30BF-4E6B-A111-9D293442B66E}.Debug|Any CPU.ActiveCfg = Debug|Any CPU
		{CEF607E1-30BF-4E6B-A111-9D293442B66E}.Debug|Any CPU.Build.0 = Debug|Any CPU
		{CEF607E1-30BF-4E6B-A111-9D293442B66E}.Release|Any CPU.ActiveCfg = Release|Any CPU
		{CEF607E1-30BF-4E6B-A111-9D293442B66E}.Release|Any CPU.Build.0 = Release|Any CPU
		{7F3148A4-8200-4C81-8279-3E1D4BF5E57D}.Debug|Any CPU.ActiveCfg = Debug|Any CPU
		{7F3148A4-8200-4C81-8279-3E1D4BF5E57D}.Debug|Any CPU.Build.0 = Debug|Any CPU
		{7F3148A4-8200-4C81-8279-3E1D4BF5E57D}.Release|Any CPU.ActiveCfg = Release|Any CPU
		{7F3148A4-8200-4C81-8279-3E1D4BF5E57D}.Release|Any CPU.Build.0 = Release|Any CPU
		{3181C435-2539-4009-80CE-30506A9D38A5}.Debug|Any CPU.ActiveCfg = Debug|Any CPU
		{3181C435-2539-4009-80CE-30506A9D38A5}.Debug|Any CPU.Build.0 = Debug|Any CPU
		{3181C435-2539-4009-80CE-30506A9D38A5}.Release|Any CPU.ActiveCfg = Release|Any CPU
		{3181C435-2539-4009-80CE-30506A9D38A5}.Release|Any CPU.Build.0 = Release|Any CPU
		{F387B21A-214C-4406-99E2-F82C7DDCDDFC}.Debug|Any CPU.ActiveCfg = Debug|Any CPU
		{F387B21A-214C-4406-99E2-F82C7DDCDDFC}.Debug|Any CPU.Build.0 = Debug|Any CPU
		{F387B21A-214C-4406-99E2-F82C7DDCDDFC}.Release|Any CPU.ActiveCfg = Release|Any CPU
		{F387B21A-214C-4406-99E2-F82C7DDCDDFC}.Release|Any CPU.Build.0 = Release|Any CPU
		{A2D702B3-9B7C-4F9A-B7FC-A10502EA4E48}.Debug|Any CPU.ActiveCfg = Debug|Any CPU
		{A2D702B3-9B7C-4F9A-B7FC-A10502EA4E48}.Debug|Any CPU.Build.0 = Debug|Any CPU
		{A2D702B3-9B7C-4F9A-B7FC-A10502EA4E48}.Release|Any CPU.ActiveCfg = Release|Any CPU
		{A2D702B3-9B7C-4F9A-B7FC-A10502EA4E48}.Release|Any CPU.Build.0 = Release|Any CPU
		{B6CC99B5-41C6-45EE-859E-A37F0D94CB97}.Debug|Any CPU.ActiveCfg = Debug|Any CPU
		{B6CC99B5-41C6-45EE-859E-A37F0D94CB97}.Debug|Any CPU.Build.0 = Debug|Any CPU
		{B6CC99B5-41C6-45EE-859E-A37F0D94CB97}.Release|Any CPU.ActiveCfg = Release|Any CPU
		{B6CC99B5-41C6-45EE-859E-A37F0D94CB97}.Release|Any CPU.Build.0 = Release|Any CPU
		{B544A72E-1780-44DF-8D52-60054F888B9D}.Debug|Any CPU.ActiveCfg = Debug|Any CPU
		{B544A72E-1780-44DF-8D52-60054F888B9D}.Debug|Any CPU.Build.0 = Debug|Any CPU
		{B544A72E-1780-44DF-8D52-60054F888B9D}.Release|Any CPU.ActiveCfg = Release|Any CPU
		{B544A72E-1780-44DF-8D52-60054F888B9D}.Release|Any CPU.Build.0 = Release|Any CPU
		{1C7CFDD2-F723-409C-95B6-4E625A35F59E}.Debug|Any CPU.ActiveCfg = Debug|Any CPU
		{1C7CFDD2-F723-409C-95B6-4E625A35F59E}.Debug|Any CPU.Build.0 = Debug|Any CPU
		{1C7CFDD2-F723-409C-95B6-4E625A35F59E}.Release|Any CPU.ActiveCfg = Release|Any CPU
		{1C7CFDD2-F723-409C-95B6-4E625A35F59E}.Release|Any CPU.Build.0 = Release|Any CPU
		{593CCA63-4449-4339-992F-2E36810D9AAB}.Debug|Any CPU.ActiveCfg = Debug|Any CPU
		{593CCA63-4449-4339-992F-2E36810D9AAB}.Debug|Any CPU.Build.0 = Debug|Any CPU
		{593CCA63-4449-4339-992F-2E36810D9AAB}.Release|Any CPU.ActiveCfg = Release|Any CPU
		{593CCA63-4449-4339-992F-2E36810D9AAB}.Release|Any CPU.Build.0 = Release|Any CPU
		{00610451-07D1-4BFB-85E5-BAC34717DADE}.Debug|Any CPU.ActiveCfg = Debug|Any CPU
		{00610451-07D1-4BFB-85E5-BAC34717DADE}.Debug|Any CPU.Build.0 = Debug|Any CPU
		{00610451-07D1-4BFB-85E5-BAC34717DADE}.Release|Any CPU.ActiveCfg = Release|Any CPU
		{00610451-07D1-4BFB-85E5-BAC34717DADE}.Release|Any CPU.Build.0 = Release|Any CPU
		{5FAA02A7-866C-474E-A0A9-5185787D3956}.Debug|Any CPU.ActiveCfg = Debug|Any CPU
		{5FAA02A7-866C-474E-A0A9-5185787D3956}.Debug|Any CPU.Build.0 = Debug|Any CPU
		{5FAA02A7-866C-474E-A0A9-5185787D3956}.Release|Any CPU.ActiveCfg = Release|Any CPU
		{5FAA02A7-866C-474E-A0A9-5185787D3956}.Release|Any CPU.Build.0 = Release|Any CPU
	EndGlobalSection
	GlobalSection(SolutionProperties) = preSolution
		HideSolutionNode = FALSE
	EndGlobalSection
	GlobalSection(NestedProjects) = preSolution
		{009DFBB5-C4CC-4247-B6C5-709B55999A77} = {02EA681E-C7D8-13C7-8484-4AC65E1B71E8}
		{5CFA1B55-99FB-4D15-B272-D2A756AA1C8E} = {009DFBB5-C4CC-4247-B6C5-709B55999A77}
		{AB50732B-FFDE-4FB7-B700-67D1EC5D44F1} = {009DFBB5-C4CC-4247-B6C5-709B55999A77}
		{7EBDEE61-E7B2-4786-8DAA-2C180A8E23DF} = {009DFBB5-C4CC-4247-B6C5-709B55999A77}
		{479CC638-77FA-47E3-B07C-32696048CC16} = {009DFBB5-C4CC-4247-B6C5-709B55999A77}
		{CEF607E1-30BF-4E6B-A111-9D293442B66E} = {AB50732B-FFDE-4FB7-B700-67D1EC5D44F1}
		{7F3148A4-8200-4C81-8279-3E1D4BF5E57D} = {7EBDEE61-E7B2-4786-8DAA-2C180A8E23DF}
		{3181C435-2539-4009-80CE-30506A9D38A5} = {479CC638-77FA-47E3-B07C-32696048CC16}
		{EBC62EC3-CA6D-4739-A160-FBE779D46216} = {02EA681E-C7D8-13C7-8484-4AC65E1B71E8}
		{BC5D8777-192D-4015-AA7B-08CECFF8D515} = {EBC62EC3-CA6D-4739-A160-FBE779D46216}
		{4A238759-E8B1-466B-B6B2-EBE873B6D17C} = {EBC62EC3-CA6D-4739-A160-FBE779D46216}
		{173A0FE5-68E6-4FFD-8493-D4F6E36AA6C0} = {EBC62EC3-CA6D-4739-A160-FBE779D46216}
		{BEC5063F-93D3-4D72-85DF-384BF57EAE46} = {02EA681E-C7D8-13C7-8484-4AC65E1B71E8}
		{843DA007-6A60-4EAC-9D27-3FFC1C3F87BA} = {02EA681E-C7D8-13C7-8484-4AC65E1B71E8}
		{F387B21A-214C-4406-99E2-F82C7DDCDDFC} = {C18F37FF-7C67-4F5A-BF79-093B84383B60}
		{A2D702B3-9B7C-4F9A-B7FC-A10502EA4E48} = {EBC62EC3-CA6D-4739-A160-FBE779D46216}
		{B6CC99B5-41C6-45EE-859E-A37F0D94CB97} = {843DA007-6A60-4EAC-9D27-3FFC1C3F87BA}
		{B544A72E-1780-44DF-8D52-60054F888B9D} = {BEC5063F-93D3-4D72-85DF-384BF57EAE46}
		{40154710-1B0B-43C6-8DA8-7AEBF3B87DB5} = {510C9EEE-7654-4EED-ACD4-C20BF0127CF2}
		{4C38D93D-9198-4C7C-BA65-CB73FD14BF66} = {510C9EEE-7654-4EED-ACD4-C20BF0127CF2}
		{27900ABD-5EDB-4533-B58B-5CA00AFE59F3} = {510C9EEE-7654-4EED-ACD4-C20BF0127CF2}
		{1C7CFDD2-F723-409C-95B6-4E625A35F59E} = {40154710-1B0B-43C6-8DA8-7AEBF3B87DB5}
		{DDAB2304-AE76-45AC-83C6-3435B88F10C3} = {BEC5063F-93D3-4D72-85DF-384BF57EAE46}
		{CDF55D92-DF35-4427-80B2-F935AAB83F79} = {BEC5063F-93D3-4D72-85DF-384BF57EAE46}
		{23515F8A-1184-4FDF-9A1D-8B2D86BA16C2} = {BEC5063F-93D3-4D72-85DF-384BF57EAE46}
		{593CCA63-4449-4339-992F-2E36810D9AAB} = {23515F8A-1184-4FDF-9A1D-8B2D86BA16C2}
		{00610451-07D1-4BFB-85E5-BAC34717DADE} = {DDAB2304-AE76-45AC-83C6-3435B88F10C3}
		{5FAA02A7-866C-474E-A0A9-5185787D3956} = {CDF55D92-DF35-4427-80B2-F935AAB83F79}
		{6B093AEB-9C5C-4BF4-A75C-CADDE57BBE80} = {510C9EEE-7654-4EED-ACD4-C20BF0127CF2}
		{6A6B4DAE-82E9-4579-94FF-E08413AEE3A5} = {510C9EEE-7654-4EED-ACD4-C20BF0127CF2}
		{133D1109-365C-4E95-ABB4-7F5844C3A26C} = {510C9EEE-7654-4EED-ACD4-C20BF0127CF2}
		{02AC465E-F2FC-479A-87DC-903D51BF9E7C} = {510C9EEE-7654-4EED-ACD4-C20BF0127CF2}
	EndGlobalSection
	GlobalSection(ExtensibilityGlobals) = postSolution
		SolutionGuid = {81E22A42-5873-4D5D-A39E-A299F7777422}
	EndGlobalSection
EndGlobal
